<?xml version="1.0" encoding="utf-8"?>
<Project ToolsVersion="4.0" xmlns="http://schemas.microsoft.com/developer/msbuild/2003">
  <ItemGroup>
    <Filter Include="Core">
      <UniqueIdentifier>{9100f703-91e7-414b-b06a-7a18c0d860e1}</UniqueIdentifier>
    </Filter>
    <Filter Include="Core\Entities">
      <UniqueIdentifier>{3b427001-ed1a-410b-a79a-0f2225cc8655}</UniqueIdentifier>
    </Filter>
    <Filter Include="Config">
      <UniqueIdentifier>{6e48560e-f2e0-4063-8937-1781a8685eef}</UniqueIdentifier>
    </Filter>
    <Filter Include="Core\Scenes">
      <UniqueIdentifier>{e26064e8-8f8d-4a7f-8d91-453d39c51f73}</UniqueIdentifier>
    </Filter>
    <Filter Include="Core\Resources">
      <UniqueIdentifier>{e7ee17cf-c72d-4ee4-b34d-c76fc93dbd51}</UniqueIdentifier>
    </Filter>
    <Filter Include="Core\Resources\Buttons">
      <UniqueIdentifier>{1b28d9a2-1ab1-4755-934c-830832196bd0}</UniqueIdentifier>
    </Filter>
    <Filter Include="Core\Types">
      <UniqueIdentifier>{ba5f311b-e67e-465a-9041-232186b6f5e7}</UniqueIdentifier>
    </Filter>
    <Filter Include="Core\Scenes\Helpers">
      <UniqueIdentifier>{cc7a3d89-05a8-4cb8-9cde-826b04ed9af1}</UniqueIdentifier>
    </Filter>
  </ItemGroup>
  <ItemGroup>
    <ClCompile Include="Entity.cpp">
      <Filter>Core\Entities</Filter>
    </ClCompile>
    <ClCompile Include="Source.cpp">
      <Filter>Core</Filter>
    </ClCompile>
    <ClCompile Include="Game.cpp">
      <Filter>Core</Filter>
    </ClCompile>
    <ClCompile Include="Button.cpp">
      <Filter>Core\Resources\Buttons</Filter>
    </ClCompile>
    <ClCompile Include="Scene.cpp">
      <Filter>Core\Scenes</Filter>
    </ClCompile>
    <ClCompile Include="Scene_MainMenu.cpp">
      <Filter>Core\Scenes</Filter>
    </ClCompile>
    <ClCompile Include="Scene_Game.cpp">
      <Filter>Core\Scenes</Filter>
    </ClCompile>
    <ClCompile Include="BabyYoda.cpp">
      <Filter>Core\Entities</Filter>
    </ClCompile>
    <ClCompile Include="TexturesLoader.cpp">
      <Filter>Core\Scenes\Helpers</Filter>
    </ClCompile>
  </ItemGroup>
  <ItemGroup>
    <ClInclude Include="Entity.hpp">
      <Filter>Core\Entities</Filter>
    </ClInclude>
    <ClInclude Include="Game.hpp">
      <Filter>Core</Filter>
    </ClInclude>
    <ClInclude Include="ConfigHelper.hpp">
      <Filter>Config</Filter>
    </ClInclude>
    <ClInclude Include="Button.hpp">
      <Filter>Core\Resources\Buttons</Filter>
    </ClInclude>
    <ClInclude Include="Scene.hpp">
      <Filter>Core\Scenes</Filter>
    </ClInclude>
    <ClInclude Include="Scene_MainMenu.hpp">
      <Filter>Core\Scenes</Filter>
    </ClInclude>
    <ClInclude Include="Scene_Game.hpp">
      <Filter>Core\Scenes</Filter>
    </ClInclude>
    <ClInclude Include="Types.hpp">
      <Filter>Core\Types</Filter>
    </ClInclude>
    <ClInclude Include="BabyYoda.hpp">
      <Filter>Core\Entities</Filter>
    </ClInclude>
    <ClInclude Include="TexturesLoader.hpp">
      <Filter>Core\Scenes\Helpers</Filter>
    </ClInclude>
  </ItemGroup>
</Project>